
Microsoft Visual Studio Solution File, Format Version 12.00
# Visual Studio Version 16
VisualStudioVersion = 16.0.30804.86
MinimumVisualStudioVersion = 10.0.40219.1
Project("{FAE04EC0-301F-11D3-BF4B-00C04F79EFBC}") = "AoC2020", "AoC2020\AoC2020.csproj", "{81F2EADC-DB64-49E1-8C2A-7242198276B7}"
EndProject
Project("{FAE04EC0-301F-11D3-BF4B-00C04F79EFBC}") = "AoC2020.Tests", "AoC2020.Tests\AoC2020.Tests.csproj", "{DE3156B8-5A51-4E92-9FBF-F9236B66F63E}"
EndProject
Global
	GlobalSection(SolutionConfigurationPlatforms) = preSolution
		Debug|Any CPU = Debug|Any CPU
		Release|Any CPU = Release|Any CPU
	EndGlobalSection
	GlobalSection(ProjectConfigurationPlatforms) = postSolution
		{81F2EADC-DB64-49E1-8C2A-7242198276B7}.Debug|Any CPU.ActiveCfg = Debug|Any CPU
		{81F2EADC-DB64-49E1-8C2A-7242198276B7}.Debug|Any CPU.Build.0 = Debug|Any CPU
		{81F2EADC-DB64-49E1-8C2A-7242198276B7}.Release|Any CPU.ActiveCfg = Release|Any CPU
		{81F2EADC-DB64-49E1-8C2A-7242198276B7}.Release|Any CPU.Build.0 = Release|Any CPU
		{DE3156B8-5A51-4E92-9FBF-F9236B66F63E}.Debug|Any CPU.ActiveCfg = Debug|Any CPU
		{DE3156B8-5A51-4E92-9FBF-F9236B66F63E}.Debug|Any CPU.Build.0 = Debug|Any CPU
		{DE3156B8-5A51-4E92-9FBF-F9236B66F63E}.Release|Any CPU.ActiveCfg = Release|Any CPU
		{DE3156B8-5A51-4E92-9FBF-F9236B66F63E}.Release|Any CPU.Build.0 = Release|Any CPU
	EndGlobalSection
	GlobalSection(SolutionProperties) = preSolution
		HideSolutionNode = FALSE
	EndGlobalSection
	GlobalSection(ExtensibilityGlobals) = postSolution
		SolutionGuid = {F1AC14DD-6987-4973-8600-F84B7830D89A}
	EndGlobalSection
EndGlobal
